{
  "name": "eCommerceWeb",
  "lockfileVersion": 3,
  "requires": true,
  "packages": {
    "": {
      "dependencies": {
        "@stripe/stripe-js": "^2.1.0"
      }
    },
    "node_modules/@stripe/stripe-js": {
      "version": "2.1.0",
      "resolved": "https://registry.npmjs.org/@stripe/stripe-js/-/stripe-js-2.1.0.tgz",
      "integrity": "sha512-AdMHWqIq/s3TLmoyuzdb6l21STKDKNm82cjce1VelyQGinVNjVgSEPH5UDtxENEP7OzgMZH8RTphFMi0fMJGLQ=="
    }
  }
}
